
Microsoft Visual Studio Solution File, Format Version 12.00
# Visual Studio Version 17
VisualStudioVersion = 17.0.32112.339
MinimumVisualStudioVersion = 10.0.40219.1
Project("{FAE04EC0-301F-11D3-BF4B-00C04F79EFBC}") = "ZeroCostSneaking", "ZeroCostSneaking\ZeroCostSneaking.csproj", "{984FBB95-F9C6-4311-A037-8E489FFAA602}"
EndProject
Project("{FAE04EC0-301F-11D3-BF4B-00C04F79EFBC}") = "BetterCart", "BetterCart\BetterCart.csproj", "{4A6CC5F2-1766-4647-8A36-9DBB6102FA96}"
EndProject
Project("{FAE04EC0-301F-11D3-BF4B-00C04F79EFBC}") = "SafeDueling", "SafeDueling\SafeDueling.csproj", "{C3C2AD1C-2AD4-4387-865F-6162C174C4E1}"
EndProject
Global
	GlobalSection(SolutionConfigurationPlatforms) = preSolution
		Debug|Any CPU = Debug|Any CPU
		Release|Any CPU = Release|Any CPU
	EndGlobalSection
	GlobalSection(ProjectConfigurationPlatforms) = postSolution
		{984FBB95-F9C6-4311-A037-8E489FFAA602}.Debug|Any CPU.ActiveCfg = Debug|Any CPU
		{984FBB95-F9C6-4311-A037-8E489FFAA602}.Debug|Any CPU.Build.0 = Debug|Any CPU
		{984FBB95-F9C6-4311-A037-8E489FFAA602}.Release|Any CPU.ActiveCfg = Release|Any CPU
		{984FBB95-F9C6-4311-A037-8E489FFAA602}.Release|Any CPU.Build.0 = Release|Any CPU
		{4A6CC5F2-1766-4647-8A36-9DBB6102FA96}.Debug|Any CPU.ActiveCfg = Debug|Any CPU
		{4A6CC5F2-1766-4647-8A36-9DBB6102FA96}.Debug|Any CPU.Build.0 = Debug|Any CPU
		{4A6CC5F2-1766-4647-8A36-9DBB6102FA96}.Release|Any CPU.ActiveCfg = Release|Any CPU
		{4A6CC5F2-1766-4647-8A36-9DBB6102FA96}.Release|Any CPU.Build.0 = Release|Any CPU
		{C3C2AD1C-2AD4-4387-865F-6162C174C4E1}.Debug|Any CPU.ActiveCfg = Debug|Any CPU
		{C3C2AD1C-2AD4-4387-865F-6162C174C4E1}.Debug|Any CPU.Build.0 = Debug|Any CPU
		{C3C2AD1C-2AD4-4387-865F-6162C174C4E1}.Release|Any CPU.ActiveCfg = Release|Any CPU
		{C3C2AD1C-2AD4-4387-865F-6162C174C4E1}.Release|Any CPU.Build.0 = Release|Any CPU
	EndGlobalSection
	GlobalSection(SolutionProperties) = preSolution
		HideSolutionNode = FALSE
	EndGlobalSection
	GlobalSection(ExtensibilityGlobals) = postSolution
		SolutionGuid = {0CE2B315-0E8E-4236-A1E6-AFF99F4903CD}
	EndGlobalSection
EndGlobal
